
Microsoft Visual Studio Solution File, Format Version 12.00
# Visual Studio Version 16
VisualStudioVersion = 16.0.31702.278
MinimumVisualStudioVersion = 10.0.40219.1
Project("{FAE04EC0-301F-11D3-BF4B-00C04F79EFBC}") = "KIT506_A2", "KIT506_A2\KIT506_A2.csproj", "{A92AB374-B11B-416D-AD75-384A2B101B68}"
EndProject
Global
	GlobalSection(SolutionConfigurationPlatforms) = preSolution
		Debug|Any CPU = Debug|Any CPU
		Release|Any CPU = Release|Any CPU
	EndGlobalSection
	GlobalSection(ProjectConfigurationPlatforms) = postSolution
		{A92AB374-B11B-416D-AD75-384A2B101B68}.Debug|Any CPU.ActiveCfg = Debug|Any CPU
		{A92AB374-B11B-416D-AD75-384A2B101B68}.Debug|Any CPU.Build.0 = Debug|Any CPU
		{A92AB374-B11B-416D-AD75-384A2B101B68}.Release|Any CPU.ActiveCfg = Release|Any CPU
		{A92AB374-B11B-416D-AD75-384A2B101B68}.Release|Any CPU.Build.0 = Release|Any CPU
	EndGlobalSection
	GlobalSection(SolutionProperties) = preSolution
		HideSolutionNode = FALSE
	EndGlobalSection
	GlobalSection(ExtensibilityGlobals) = postSolution
		SolutionGuid = {F6EFAF0D-E96B-4604-AD59-EF2E2701A66C}
	EndGlobalSection
EndGlobal
